
Microsoft Visual Studio Solution File, Format Version 12.00
# Visual Studio Version 17
VisualStudioVersion = 17.3.32901.215
MinimumVisualStudioVersion = 10.0.40219.1
Project("{FAE04EC0-301F-11D3-BF4B-00C04F79EFBC}") = "1.DAL", "1.DAL\1.DAL.csproj", "{9B91BCB8-EDBB-4AF8-AFB7-431EC0BD9B1B}"
EndProject
Project("{FAE04EC0-301F-11D3-BF4B-00C04F79EFBC}") = "2.BUS", "2.BUS\2.BUS.csproj", "{FACA4C08-A40A-467B-B16F-32CE5B1B4874}"
EndProject
Project("{FAE04EC0-301F-11D3-BF4B-00C04F79EFBC}") = "3.PL", "3.PL\3.PL.csproj", "{C53B7C1B-7301-4C24-B203-2178DD4322F9}"
EndProject
Global
	GlobalSection(SolutionConfigurationPlatforms) = preSolution
		Debug|Any CPU = Debug|Any CPU
		Release|Any CPU = Release|Any CPU
	EndGlobalSection
	GlobalSection(ProjectConfigurationPlatforms) = postSolution
		{9B91BCB8-EDBB-4AF8-AFB7-431EC0BD9B1B}.Debug|Any CPU.ActiveCfg = Debug|Any CPU
		{9B91BCB8-EDBB-4AF8-AFB7-431EC0BD9B1B}.Debug|Any CPU.Build.0 = Debug|Any CPU
		{9B91BCB8-EDBB-4AF8-AFB7-431EC0BD9B1B}.Release|Any CPU.ActiveCfg = Release|Any CPU
		{9B91BCB8-EDBB-4AF8-AFB7-431EC0BD9B1B}.Release|Any CPU.Build.0 = Release|Any CPU
		{FACA4C08-A40A-467B-B16F-32CE5B1B4874}.Debug|Any CPU.ActiveCfg = Debug|Any CPU
		{FACA4C08-A40A-467B-B16F-32CE5B1B4874}.Debug|Any CPU.Build.0 = Debug|Any CPU
		{FACA4C08-A40A-467B-B16F-32CE5B1B4874}.Release|Any CPU.ActiveCfg = Release|Any CPU
		{FACA4C08-A40A-467B-B16F-32CE5B1B4874}.Release|Any CPU.Build.0 = Release|Any CPU
		{C53B7C1B-7301-4C24-B203-2178DD4322F9}.Debug|Any CPU.ActiveCfg = Debug|Any CPU
		{C53B7C1B-7301-4C24-B203-2178DD4322F9}.Debug|Any CPU.Build.0 = Debug|Any CPU
		{C53B7C1B-7301-4C24-B203-2178DD4322F9}.Release|Any CPU.ActiveCfg = Release|Any CPU
		{C53B7C1B-7301-4C24-B203-2178DD4322F9}.Release|Any CPU.Build.0 = Release|Any CPU
	EndGlobalSection
	GlobalSection(SolutionProperties) = preSolution
		HideSolutionNode = FALSE
	EndGlobalSection
	GlobalSection(ExtensibilityGlobals) = postSolution
		SolutionGuid = {742E606F-23FF-4373-A1F3-8BB9A0182F0A}
	EndGlobalSection
EndGlobal
